
Microsoft Visual Studio Solution File, Format Version 12.00
# Visual Studio 2013
VisualStudioVersion = 12.0.31101.0
MinimumVisualStudioVersion = 10.0.40219.1
Project("{2150E333-8FDC-42A3-9474-1A3956D46DE8}") = "Providers", "Providers", "{E7EB7663-EBE8-4CAE-817E-988F5F214DA6}"
EndProject
Project("{FAE04EC0-301F-11D3-BF4B-00C04F79EFBC}") = "ZTestExtractor.Data", "ZTestExtractor.Data\Providers\ZTestExtractor.Data.csproj", "{9DB03BF3-28D8-4088-9BA1-F5FC0B131450}"
EndProject
Project("{FAE04EC0-301F-11D3-BF4B-00C04F79EFBC}") = "ZTestExtractor.Data.Test", "ZTestExtractor.Data.Test\ZTestExtractor.Data.Test.csproj", "{6AE72E3B-30DE-40A8-8A31-3166988E723C}"
EndProject
Project("{FAE04EC0-301F-11D3-BF4B-00C04F79EFBC}") = "ZTestExtractor.Core", "ZTestExtractor.Core\ZTestExtractor.Core.csproj", "{59C4F8BC-01BF-426E-A49F-449D955CE601}"
EndProject
Project("{2150E333-8FDC-42A3-9474-1A3956D46DE8}") = "UI", "UI", "{69FFCEBC-6D16-4620-8CC5-62B1054C7DA1}"
EndProject
Project("{FAE04EC0-301F-11D3-BF4B-00C04F79EFBC}") = "ZTestExtractor.MVC", "ZTestExtractor.MVC\ZTestExtractor.MVC.csproj", "{6B13016C-7B02-4C1F-AF82-12113B29E10F}"
EndProject
Project("{FAE04EC0-301F-11D3-BF4B-00C04F79EFBC}") = "ZTestExtractor.Business", "ZTestExtractor.Business\ZTestExtractor.Business.csproj", "{18245CF0-9D73-4084-81A8-A907C62F82A8}"
EndProject
Project("{FAE04EC0-301F-11D3-BF4B-00C04F79EFBC}") = "ZTestExtractor.Business.Test", "ZTestExtractor.Business.Test\ZTestExtractor.Business.Test.csproj", "{2FD16FE2-F63D-4A9C-B893-BC854153A927}"
EndProject
Project("{FAE04EC0-301F-11D3-BF4B-00C04F79EFBC}") = "ZTestExtractor.Console", "ZTestExtractor.Console\ZTestExtractor.Console.csproj", "{2F9EDD77-ED76-4E26-B075-B6208D97BBEF}"
EndProject
Global
	GlobalSection(SolutionConfigurationPlatforms) = preSolution
		Debug|Any CPU = Debug|Any CPU
		Release|Any CPU = Release|Any CPU
	EndGlobalSection
	GlobalSection(ProjectConfigurationPlatforms) = postSolution
		{9DB03BF3-28D8-4088-9BA1-F5FC0B131450}.Debug|Any CPU.ActiveCfg = Debug|Any CPU
		{9DB03BF3-28D8-4088-9BA1-F5FC0B131450}.Debug|Any CPU.Build.0 = Debug|Any CPU
		{9DB03BF3-28D8-4088-9BA1-F5FC0B131450}.Release|Any CPU.ActiveCfg = Release|Any CPU
		{9DB03BF3-28D8-4088-9BA1-F5FC0B131450}.Release|Any CPU.Build.0 = Release|Any CPU
		{6AE72E3B-30DE-40A8-8A31-3166988E723C}.Debug|Any CPU.ActiveCfg = Debug|Any CPU
		{6AE72E3B-30DE-40A8-8A31-3166988E723C}.Debug|Any CPU.Build.0 = Debug|Any CPU
		{6AE72E3B-30DE-40A8-8A31-3166988E723C}.Release|Any CPU.ActiveCfg = Release|Any CPU
		{6AE72E3B-30DE-40A8-8A31-3166988E723C}.Release|Any CPU.Build.0 = Release|Any CPU
		{59C4F8BC-01BF-426E-A49F-449D955CE601}.Debug|Any CPU.ActiveCfg = Debug|Any CPU
		{59C4F8BC-01BF-426E-A49F-449D955CE601}.Debug|Any CPU.Build.0 = Debug|Any CPU
		{59C4F8BC-01BF-426E-A49F-449D955CE601}.Release|Any CPU.ActiveCfg = Release|Any CPU
		{59C4F8BC-01BF-426E-A49F-449D955CE601}.Release|Any CPU.Build.0 = Release|Any CPU
		{6B13016C-7B02-4C1F-AF82-12113B29E10F}.Debug|Any CPU.ActiveCfg = Debug|Any CPU
		{6B13016C-7B02-4C1F-AF82-12113B29E10F}.Debug|Any CPU.Build.0 = Debug|Any CPU
		{6B13016C-7B02-4C1F-AF82-12113B29E10F}.Release|Any CPU.ActiveCfg = Release|Any CPU
		{6B13016C-7B02-4C1F-AF82-12113B29E10F}.Release|Any CPU.Build.0 = Release|Any CPU
		{18245CF0-9D73-4084-81A8-A907C62F82A8}.Debug|Any CPU.ActiveCfg = Debug|Any CPU
		{18245CF0-9D73-4084-81A8-A907C62F82A8}.Debug|Any CPU.Build.0 = Debug|Any CPU
		{18245CF0-9D73-4084-81A8-A907C62F82A8}.Release|Any CPU.ActiveCfg = Release|Any CPU
		{18245CF0-9D73-4084-81A8-A907C62F82A8}.Release|Any CPU.Build.0 = Release|Any CPU
		{2FD16FE2-F63D-4A9C-B893-BC854153A927}.Debug|Any CPU.ActiveCfg = Debug|Any CPU
		{2FD16FE2-F63D-4A9C-B893-BC854153A927}.Debug|Any CPU.Build.0 = Debug|Any CPU
		{2FD16FE2-F63D-4A9C-B893-BC854153A927}.Release|Any CPU.ActiveCfg = Release|Any CPU
		{2FD16FE2-F63D-4A9C-B893-BC854153A927}.Release|Any CPU.Build.0 = Release|Any CPU
		{2F9EDD77-ED76-4E26-B075-B6208D97BBEF}.Debug|Any CPU.ActiveCfg = Debug|Any CPU
		{2F9EDD77-ED76-4E26-B075-B6208D97BBEF}.Debug|Any CPU.Build.0 = Debug|Any CPU
		{2F9EDD77-ED76-4E26-B075-B6208D97BBEF}.Release|Any CPU.ActiveCfg = Release|Any CPU
		{2F9EDD77-ED76-4E26-B075-B6208D97BBEF}.Release|Any CPU.Build.0 = Release|Any CPU
	EndGlobalSection
	GlobalSection(SolutionProperties) = preSolution
		HideSolutionNode = FALSE
	EndGlobalSection
	GlobalSection(NestedProjects) = preSolution
		{9DB03BF3-28D8-4088-9BA1-F5FC0B131450} = {E7EB7663-EBE8-4CAE-817E-988F5F214DA6}
		{6AE72E3B-30DE-40A8-8A31-3166988E723C} = {E7EB7663-EBE8-4CAE-817E-988F5F214DA6}
		{59C4F8BC-01BF-426E-A49F-449D955CE601} = {E7EB7663-EBE8-4CAE-817E-988F5F214DA6}
		{6B13016C-7B02-4C1F-AF82-12113B29E10F} = {69FFCEBC-6D16-4620-8CC5-62B1054C7DA1}
		{18245CF0-9D73-4084-81A8-A907C62F82A8} = {E7EB7663-EBE8-4CAE-817E-988F5F214DA6}
		{2FD16FE2-F63D-4A9C-B893-BC854153A927} = {E7EB7663-EBE8-4CAE-817E-988F5F214DA6}
		{2F9EDD77-ED76-4E26-B075-B6208D97BBEF} = {69FFCEBC-6D16-4620-8CC5-62B1054C7DA1}
	EndGlobalSection
EndGlobal
